
Microsoft Visual Studio Solution File, Format Version 12.00
# Visual Studio 14
VisualStudioVersion = 14.0.24720.0
MinimumVisualStudioVersion = 10.0.40219.1
Project("{FAE04EC0-301F-11D3-BF4B-00C04F79EFBC}") = "SharedBrush", "SharedBrush\SharedBrush.csproj", "{C07A73D6-E9C1-4064-B01E-BA07326CAF77}"
EndProject
Project("{FAE04EC0-301F-11D3-BF4B-00C04F79EFBC}") = "Spiral", "Spiral\Spiral.csproj", "{DD9BB0BE-FDEF-4A87-81AD-E2B26AF4B61D}"
EndProject
Project("{FAE04EC0-301F-11D3-BF4B-00C04F79EFBC}") = "ImageBrushedSpiral", "ImageBrushedSpiral\ImageBrushedSpiral.csproj", "{5E9CB95E-1EEA-4B28-A917-737F9B5ED6CD}"
EndProject
Project("{FAE04EC0-301F-11D3-BF4B-00C04F79EFBC}") = "HelloVectorGraphics", "HelloVectorGraphics\HelloVectorGraphics.csproj", "{98CF029A-2CD4-4292-B663-19FCC56B49EC}"
EndProject
Project("{FAE04EC0-301F-11D3-BF4B-00C04F79EFBC}") = "VectorGraphicsStretched", "VectorGraphicsStretched\VectorGraphicsStretched.csproj", "{EB72B24E-4863-4883-9EE2-1D686C988D53}"
EndProject
Project("{2150E333-8FDC-42A3-9474-1A3956D46DE8}") = "Chapter 3 - Event Handling", "Chapter 3 - Event Handling", "{89E2B382-DBF8-48A4-AF6C-15773410363C}"
EndProject
Project("{FAE04EC0-301F-11D3-BF4B-00C04F79EFBC}") = "Tapped Event", "Tapped Event\Tapped Event.csproj", "{09CB22DB-519B-4FD1-AB12-712878B10F14}"
EndProject
Project("{FAE04EC0-301F-11D3-BF4B-00C04F79EFBC}") = "RoutedEvents0", "RoutedEvents0\RoutedEvents0.csproj", "{3A36F458-7434-4AC5-850E-E3525B56B65A}"
EndProject
Project("{FAE04EC0-301F-11D3-BF4B-00C04F79EFBC}") = "RoutedEvents1", "RoutedEvents1\RoutedEvents1.csproj", "{81A962B3-17E7-4016-AB9C-69F90360E4CF}"
EndProject
Project("{FAE04EC0-301F-11D3-BF4B-00C04F79EFBC}") = "RoutedEvents2", "RoutedEvents2\RoutedEvents2.csproj", "{F02A20BC-BEDC-4EEE-BDDA-78165E334527}"
EndProject
Project("{FAE04EC0-301F-11D3-BF4B-00C04F79EFBC}") = "RoutedEvents3", "RoutedEvents3\RoutedEvents3.csproj", "{6F620745-A2E7-4FB1-99DA-770555CF305F}"
EndProject
Project("{FAE04EC0-301F-11D3-BF4B-00C04F79EFBC}") = "DigitalClock", "DigitalClock\DigitalClock.csproj", "{1E453CCD-97D7-48E4-9008-6A98E051CDAF}"
EndProject
Project("{FAE04EC0-301F-11D3-BF4B-00C04F79EFBC}") = "ExpandingText", "ExpandingText\ExpandingText.csproj", "{1CEF9C21-5C01-44D2-9E89-21F4EBCCEB2A}"
EndProject
Project("{FAE04EC0-301F-11D3-BF4B-00C04F79EFBC}") = "ColourAnimation", "ColourAnimation\ColourAnimation.csproj", "{EBBED0E7-36C0-4074-9250-5E0BB0BB245B}"
EndProject
Global
	GlobalSection(SolutionConfigurationPlatforms) = preSolution
		Debug|Any CPU = Debug|Any CPU
		Debug|ARM = Debug|ARM
		Debug|x64 = Debug|x64
		Debug|x86 = Debug|x86
		Release|Any CPU = Release|Any CPU
		Release|ARM = Release|ARM
		Release|x64 = Release|x64
		Release|x86 = Release|x86
	EndGlobalSection
	GlobalSection(ProjectConfigurationPlatforms) = postSolution
		{C07A73D6-E9C1-4064-B01E-BA07326CAF77}.Debug|Any CPU.ActiveCfg = Debug|x86
		{C07A73D6-E9C1-4064-B01E-BA07326CAF77}.Debug|ARM.ActiveCfg = Debug|ARM
		{C07A73D6-E9C1-4064-B01E-BA07326CAF77}.Debug|ARM.Build.0 = Debug|ARM
		{C07A73D6-E9C1-4064-B01E-BA07326CAF77}.Debug|ARM.Deploy.0 = Debug|ARM
		{C07A73D6-E9C1-4064-B01E-BA07326CAF77}.Debug|x64.ActiveCfg = Debug|x64
		{C07A73D6-E9C1-4064-B01E-BA07326CAF77}.Debug|x64.Build.0 = Debug|x64
		{C07A73D6-E9C1-4064-B01E-BA07326CAF77}.Debug|x64.Deploy.0 = Debug|x64
		{C07A73D6-E9C1-4064-B01E-BA07326CAF77}.Debug|x86.ActiveCfg = Debug|x86
		{C07A73D6-E9C1-4064-B01E-BA07326CAF77}.Debug|x86.Build.0 = Debug|x86
		{C07A73D6-E9C1-4064-B01E-BA07326CAF77}.Debug|x86.Deploy.0 = Debug|x86
		{C07A73D6-E9C1-4064-B01E-BA07326CAF77}.Release|Any CPU.ActiveCfg = Release|x86
		{C07A73D6-E9C1-4064-B01E-BA07326CAF77}.Release|ARM.ActiveCfg = Release|ARM
		{C07A73D6-E9C1-4064-B01E-BA07326CAF77}.Release|ARM.Build.0 = Release|ARM
		{C07A73D6-E9C1-4064-B01E-BA07326CAF77}.Release|ARM.Deploy.0 = Release|ARM
		{C07A73D6-E9C1-4064-B01E-BA07326CAF77}.Release|x64.ActiveCfg = Release|x64
		{C07A73D6-E9C1-4064-B01E-BA07326CAF77}.Release|x64.Build.0 = Release|x64
		{C07A73D6-E9C1-4064-B01E-BA07326CAF77}.Release|x64.Deploy.0 = Release|x64
		{C07A73D6-E9C1-4064-B01E-BA07326CAF77}.Release|x86.ActiveCfg = Release|x86
		{C07A73D6-E9C1-4064-B01E-BA07326CAF77}.Release|x86.Build.0 = Release|x86
		{C07A73D6-E9C1-4064-B01E-BA07326CAF77}.Release|x86.Deploy.0 = Release|x86
		{DD9BB0BE-FDEF-4A87-81AD-E2B26AF4B61D}.Debug|Any CPU.ActiveCfg = Debug|x86
		{DD9BB0BE-FDEF-4A87-81AD-E2B26AF4B61D}.Debug|ARM.ActiveCfg = Debug|ARM
		{DD9BB0BE-FDEF-4A87-81AD-E2B26AF4B61D}.Debug|ARM.Build.0 = Debug|ARM
		{DD9BB0BE-FDEF-4A87-81AD-E2B26AF4B61D}.Debug|ARM.Deploy.0 = Debug|ARM
		{DD9BB0BE-FDEF-4A87-81AD-E2B26AF4B61D}.Debug|x64.ActiveCfg = Debug|x64
		{DD9BB0BE-FDEF-4A87-81AD-E2B26AF4B61D}.Debug|x64.Build.0 = Debug|x64
		{DD9BB0BE-FDEF-4A87-81AD-E2B26AF4B61D}.Debug|x64.Deploy.0 = Debug|x64
		{DD9BB0BE-FDEF-4A87-81AD-E2B26AF4B61D}.Debug|x86.ActiveCfg = Debug|x86
		{DD9BB0BE-FDEF-4A87-81AD-E2B26AF4B61D}.Debug|x86.Build.0 = Debug|x86
		{DD9BB0BE-FDEF-4A87-81AD-E2B26AF4B61D}.Debug|x86.Deploy.0 = Debug|x86
		{DD9BB0BE-FDEF-4A87-81AD-E2B26AF4B61D}.Release|Any CPU.ActiveCfg = Release|x86
		{DD9BB0BE-FDEF-4A87-81AD-E2B26AF4B61D}.Release|ARM.ActiveCfg = Release|ARM
		{DD9BB0BE-FDEF-4A87-81AD-E2B26AF4B61D}.Release|ARM.Build.0 = Release|ARM
		{DD9BB0BE-FDEF-4A87-81AD-E2B26AF4B61D}.Release|ARM.Deploy.0 = Release|ARM
		{DD9BB0BE-FDEF-4A87-81AD-E2B26AF4B61D}.Release|x64.ActiveCfg = Release|x64
		{DD9BB0BE-FDEF-4A87-81AD-E2B26AF4B61D}.Release|x64.Build.0 = Release|x64
		{DD9BB0BE-FDEF-4A87-81AD-E2B26AF4B61D}.Release|x64.Deploy.0 = Release|x64
		{DD9BB0BE-FDEF-4A87-81AD-E2B26AF4B61D}.Release|x86.ActiveCfg = Release|x86
		{DD9BB0BE-FDEF-4A87-81AD-E2B26AF4B61D}.Release|x86.Build.0 = Release|x86
		{DD9BB0BE-FDEF-4A87-81AD-E2B26AF4B61D}.Release|x86.Deploy.0 = Release|x86
		{5E9CB95E-1EEA-4B28-A917-737F9B5ED6CD}.Debug|Any CPU.ActiveCfg = Debug|x86
		{5E9CB95E-1EEA-4B28-A917-737F9B5ED6CD}.Debug|ARM.ActiveCfg = Debug|ARM
		{5E9CB95E-1EEA-4B28-A917-737F9B5ED6CD}.Debug|ARM.Build.0 = Debug|ARM
		{5E9CB95E-1EEA-4B28-A917-737F9B5ED6CD}.Debug|ARM.Deploy.0 = Debug|ARM
		{5E9CB95E-1EEA-4B28-A917-737F9B5ED6CD}.Debug|x64.ActiveCfg = Debug|x64
		{5E9CB95E-1EEA-4B28-A917-737F9B5ED6CD}.Debug|x64.Build.0 = Debug|x64
		{5E9CB95E-1EEA-4B28-A917-737F9B5ED6CD}.Debug|x64.Deploy.0 = Debug|x64
		{5E9CB95E-1EEA-4B28-A917-737F9B5ED6CD}.Debug|x86.ActiveCfg = Debug|x86
		{5E9CB95E-1EEA-4B28-A917-737F9B5ED6CD}.Debug|x86.Build.0 = Debug|x86
		{5E9CB95E-1EEA-4B28-A917-737F9B5ED6CD}.Debug|x86.Deploy.0 = Debug|x86
		{5E9CB95E-1EEA-4B28-A917-737F9B5ED6CD}.Release|Any CPU.ActiveCfg = Release|x86
		{5E9CB95E-1EEA-4B28-A917-737F9B5ED6CD}.Release|ARM.ActiveCfg = Release|ARM
		{5E9CB95E-1EEA-4B28-A917-737F9B5ED6CD}.Release|ARM.Build.0 = Release|ARM
		{5E9CB95E-1EEA-4B28-A917-737F9B5ED6CD}.Release|ARM.Deploy.0 = Release|ARM
		{5E9CB95E-1EEA-4B28-A917-737F9B5ED6CD}.Release|x64.ActiveCfg = Release|x64
		{5E9CB95E-1EEA-4B28-A917-737F9B5ED6CD}.Release|x64.Build.0 = Release|x64
		{5E9CB95E-1EEA-4B28-A917-737F9B5ED6CD}.Release|x64.Deploy.0 = Release|x64
		{5E9CB95E-1EEA-4B28-A917-737F9B5ED6CD}.Release|x86.ActiveCfg = Release|x86
		{5E9CB95E-1EEA-4B28-A917-737F9B5ED6CD}.Release|x86.Build.0 = Release|x86
		{5E9CB95E-1EEA-4B28-A917-737F9B5ED6CD}.Release|x86.Deploy.0 = Release|x86
		{98CF029A-2CD4-4292-B663-19FCC56B49EC}.Debug|Any CPU.ActiveCfg = Debug|x86
		{98CF029A-2CD4-4292-B663-19FCC56B49EC}.Debug|ARM.ActiveCfg = Debug|ARM
		{98CF029A-2CD4-4292-B663-19FCC56B49EC}.Debug|ARM.Build.0 = Debug|ARM
		{98CF029A-2CD4-4292-B663-19FCC56B49EC}.Debug|ARM.Deploy.0 = Debug|ARM
		{98CF029A-2CD4-4292-B663-19FCC56B49EC}.Debug|x64.ActiveCfg = Debug|x64
		{98CF029A-2CD4-4292-B663-19FCC56B49EC}.Debug|x64.Build.0 = Debug|x64
		{98CF029A-2CD4-4292-B663-19FCC56B49EC}.Debug|x64.Deploy.0 = Debug|x64
		{98CF029A-2CD4-4292-B663-19FCC56B49EC}.Debug|x86.ActiveCfg = Debug|x86
		{98CF029A-2CD4-4292-B663-19FCC56B49EC}.Debug|x86.Build.0 = Debug|x86
		{98CF029A-2CD4-4292-B663-19FCC56B49EC}.Debug|x86.Deploy.0 = Debug|x86
		{98CF029A-2CD4-4292-B663-19FCC56B49EC}.Release|Any CPU.ActiveCfg = Release|x86
		{98CF029A-2CD4-4292-B663-19FCC56B49EC}.Release|ARM.ActiveCfg = Release|ARM
		{98CF029A-2CD4-4292-B663-19FCC56B49EC}.Release|ARM.Build.0 = Release|ARM
		{98CF029A-2CD4-4292-B663-19FCC56B49EC}.Release|ARM.Deploy.0 = Release|ARM
		{98CF029A-2CD4-4292-B663-19FCC56B49EC}.Release|x64.ActiveCfg = Release|x64
		{98CF029A-2CD4-4292-B663-19FCC56B49EC}.Release|x64.Build.0 = Release|x64
		{98CF029A-2CD4-4292-B663-19FCC56B49EC}.Release|x64.Deploy.0 = Release|x64
		{98CF029A-2CD4-4292-B663-19FCC56B49EC}.Release|x86.ActiveCfg = Release|x86
		{98CF029A-2CD4-4292-B663-19FCC56B49EC}.Release|x86.Build.0 = Release|x86
		{98CF029A-2CD4-4292-B663-19FCC56B49EC}.Release|x86.Deploy.0 = Release|x86
		{EB72B24E-4863-4883-9EE2-1D686C988D53}.Debug|Any CPU.ActiveCfg = Debug|x86
		{EB72B24E-4863-4883-9EE2-1D686C988D53}.Debug|ARM.ActiveCfg = Debug|ARM
		{EB72B24E-4863-4883-9EE2-1D686C988D53}.Debug|ARM.Build.0 = Debug|ARM
		{EB72B24E-4863-4883-9EE2-1D686C988D53}.Debug|ARM.Deploy.0 = Debug|ARM
		{EB72B24E-4863-4883-9EE2-1D686C988D53}.Debug|x64.ActiveCfg = Debug|x64
		{EB72B24E-4863-4883-9EE2-1D686C988D53}.Debug|x64.Build.0 = Debug|x64
		{EB72B24E-4863-4883-9EE2-1D686C988D53}.Debug|x64.Deploy.0 = Debug|x64
		{EB72B24E-4863-4883-9EE2-1D686C988D53}.Debug|x86.ActiveCfg = Debug|x86
		{EB72B24E-4863-4883-9EE2-1D686C988D53}.Debug|x86.Build.0 = Debug|x86
		{EB72B24E-4863-4883-9EE2-1D686C988D53}.Debug|x86.Deploy.0 = Debug|x86
		{EB72B24E-4863-4883-9EE2-1D686C988D53}.Release|Any CPU.ActiveCfg = Release|x86
		{EB72B24E-4863-4883-9EE2-1D686C988D53}.Release|ARM.ActiveCfg = Release|ARM
		{EB72B24E-4863-4883-9EE2-1D686C988D53}.Release|ARM.Build.0 = Release|ARM
		{EB72B24E-4863-4883-9EE2-1D686C988D53}.Release|ARM.Deploy.0 = Release|ARM
		{EB72B24E-4863-4883-9EE2-1D686C988D53}.Release|x64.ActiveCfg = Release|x64
		{EB72B24E-4863-4883-9EE2-1D686C988D53}.Release|x64.Build.0 = Release|x64
		{EB72B24E-4863-4883-9EE2-1D686C988D53}.Release|x64.Deploy.0 = Release|x64
		{EB72B24E-4863-4883-9EE2-1D686C988D53}.Release|x86.ActiveCfg = Release|x86
		{EB72B24E-4863-4883-9EE2-1D686C988D53}.Release|x86.Build.0 = Release|x86
		{EB72B24E-4863-4883-9EE2-1D686C988D53}.Release|x86.Deploy.0 = Release|x86
		{09CB22DB-519B-4FD1-AB12-712878B10F14}.Debug|Any CPU.ActiveCfg = Debug|x86
		{09CB22DB-519B-4FD1-AB12-712878B10F14}.Debug|ARM.ActiveCfg = Debug|ARM
		{09CB22DB-519B-4FD1-AB12-712878B10F14}.Debug|ARM.Build.0 = Debug|ARM
		{09CB22DB-519B-4FD1-AB12-712878B10F14}.Debug|ARM.Deploy.0 = Debug|ARM
		{09CB22DB-519B-4FD1-AB12-712878B10F14}.Debug|x64.ActiveCfg = Debug|x64
		{09CB22DB-519B-4FD1-AB12-712878B10F14}.Debug|x64.Build.0 = Debug|x64
		{09CB22DB-519B-4FD1-AB12-712878B10F14}.Debug|x64.Deploy.0 = Debug|x64
		{09CB22DB-519B-4FD1-AB12-712878B10F14}.Debug|x86.ActiveCfg = Debug|x86
		{09CB22DB-519B-4FD1-AB12-712878B10F14}.Debug|x86.Build.0 = Debug|x86
		{09CB22DB-519B-4FD1-AB12-712878B10F14}.Debug|x86.Deploy.0 = Debug|x86
		{09CB22DB-519B-4FD1-AB12-712878B10F14}.Release|Any CPU.ActiveCfg = Release|x86
		{09CB22DB-519B-4FD1-AB12-712878B10F14}.Release|ARM.ActiveCfg = Release|ARM
		{09CB22DB-519B-4FD1-AB12-712878B10F14}.Release|ARM.Build.0 = Release|ARM
		{09CB22DB-519B-4FD1-AB12-712878B10F14}.Release|ARM.Deploy.0 = Release|ARM
		{09CB22DB-519B-4FD1-AB12-712878B10F14}.Release|x64.ActiveCfg = Release|x64
		{09CB22DB-519B-4FD1-AB12-712878B10F14}.Release|x64.Build.0 = Release|x64
		{09CB22DB-519B-4FD1-AB12-712878B10F14}.Release|x64.Deploy.0 = Release|x64
		{09CB22DB-519B-4FD1-AB12-712878B10F14}.Release|x86.ActiveCfg = Release|x86
		{09CB22DB-519B-4FD1-AB12-712878B10F14}.Release|x86.Build.0 = Release|x86
		{09CB22DB-519B-4FD1-AB12-712878B10F14}.Release|x86.Deploy.0 = Release|x86
		{3A36F458-7434-4AC5-850E-E3525B56B65A}.Debug|Any CPU.ActiveCfg = Debug|x86
		{3A36F458-7434-4AC5-850E-E3525B56B65A}.Debug|ARM.ActiveCfg = Debug|ARM
		{3A36F458-7434-4AC5-850E-E3525B56B65A}.Debug|ARM.Build.0 = Debug|ARM
		{3A36F458-7434-4AC5-850E-E3525B56B65A}.Debug|ARM.Deploy.0 = Debug|ARM
		{3A36F458-7434-4AC5-850E-E3525B56B65A}.Debug|x64.ActiveCfg = Debug|x64
		{3A36F458-7434-4AC5-850E-E3525B56B65A}.Debug|x64.Build.0 = Debug|x64
		{3A36F458-7434-4AC5-850E-E3525B56B65A}.Debug|x64.Deploy.0 = Debug|x64
		{3A36F458-7434-4AC5-850E-E3525B56B65A}.Debug|x86.ActiveCfg = Debug|x86
		{3A36F458-7434-4AC5-850E-E3525B56B65A}.Debug|x86.Build.0 = Debug|x86
		{3A36F458-7434-4AC5-850E-E3525B56B65A}.Debug|x86.Deploy.0 = Debug|x86
		{3A36F458-7434-4AC5-850E-E3525B56B65A}.Release|Any CPU.ActiveCfg = Release|x86
		{3A36F458-7434-4AC5-850E-E3525B56B65A}.Release|ARM.ActiveCfg = Release|ARM
		{3A36F458-7434-4AC5-850E-E3525B56B65A}.Release|ARM.Build.0 = Release|ARM
		{3A36F458-7434-4AC5-850E-E3525B56B65A}.Release|ARM.Deploy.0 = Release|ARM
		{3A36F458-7434-4AC5-850E-E3525B56B65A}.Release|x64.ActiveCfg = Release|x64
		{3A36F458-7434-4AC5-850E-E3525B56B65A}.Release|x64.Build.0 = Release|x64
		{3A36F458-7434-4AC5-850E-E3525B56B65A}.Release|x64.Deploy.0 = Release|x64
		{3A36F458-7434-4AC5-850E-E3525B56B65A}.Release|x86.ActiveCfg = Release|x86
		{3A36F458-7434-4AC5-850E-E3525B56B65A}.Release|x86.Build.0 = Release|x86
		{3A36F458-7434-4AC5-850E-E3525B56B65A}.Release|x86.Deploy.0 = Release|x86
		{81A962B3-17E7-4016-AB9C-69F90360E4CF}.Debug|Any CPU.ActiveCfg = Debug|x86
		{81A962B3-17E7-4016-AB9C-69F90360E4CF}.Debug|ARM.ActiveCfg = Debug|ARM
		{81A962B3-17E7-4016-AB9C-69F90360E4CF}.Debug|ARM.Build.0 = Debug|ARM
		{81A962B3-17E7-4016-AB9C-69F90360E4CF}.Debug|ARM.Deploy.0 = Debug|ARM
		{81A962B3-17E7-4016-AB9C-69F90360E4CF}.Debug|x64.ActiveCfg = Debug|x64
		{81A962B3-17E7-4016-AB9C-69F90360E4CF}.Debug|x64.Build.0 = Debug|x64
		{81A962B3-17E7-4016-AB9C-69F90360E4CF}.Debug|x64.Deploy.0 = Debug|x64
		{81A962B3-17E7-4016-AB9C-69F90360E4CF}.Debug|x86.ActiveCfg = Debug|x86
		{81A962B3-17E7-4016-AB9C-69F90360E4CF}.Debug|x86.Build.0 = Debug|x86
		{81A962B3-17E7-4016-AB9C-69F90360E4CF}.Debug|x86.Deploy.0 = Debug|x86
		{81A962B3-17E7-4016-AB9C-69F90360E4CF}.Release|Any CPU.ActiveCfg = Release|x86
		{81A962B3-17E7-4016-AB9C-69F90360E4CF}.Release|ARM.ActiveCfg = Release|ARM
		{81A962B3-17E7-4016-AB9C-69F90360E4CF}.Release|ARM.Build.0 = Release|ARM
		{81A962B3-17E7-4016-AB9C-69F90360E4CF}.Release|ARM.Deploy.0 = Release|ARM
		{81A962B3-17E7-4016-AB9C-69F90360E4CF}.Release|x64.ActiveCfg = Release|x64
		{81A962B3-17E7-4016-AB9C-69F90360E4CF}.Release|x64.Build.0 = Release|x64
		{81A962B3-17E7-4016-AB9C-69F90360E4CF}.Release|x64.Deploy.0 = Release|x64
		{81A962B3-17E7-4016-AB9C-69F90360E4CF}.Release|x86.ActiveCfg = Release|x86
		{81A962B3-17E7-4016-AB9C-69F90360E4CF}.Release|x86.Build.0 = Release|x86
		{81A962B3-17E7-4016-AB9C-69F90360E4CF}.Release|x86.Deploy.0 = Release|x86
		{F02A20BC-BEDC-4EEE-BDDA-78165E334527}.Debug|Any CPU.ActiveCfg = Debug|x86
		{F02A20BC-BEDC-4EEE-BDDA-78165E334527}.Debug|ARM.ActiveCfg = Debug|ARM
		{F02A20BC-BEDC-4EEE-BDDA-78165E334527}.Debug|ARM.Build.0 = Debug|ARM
		{F02A20BC-BEDC-4EEE-BDDA-78165E334527}.Debug|ARM.Deploy.0 = Debug|ARM
		{F02A20BC-BEDC-4EEE-BDDA-78165E334527}.Debug|x64.ActiveCfg = Debug|x64
		{F02A20BC-BEDC-4EEE-BDDA-78165E334527}.Debug|x64.Build.0 = Debug|x64
		{F02A20BC-BEDC-4EEE-BDDA-78165E334527}.Debug|x64.Deploy.0 = Debug|x64
		{F02A20BC-BEDC-4EEE-BDDA-78165E334527}.Debug|x86.ActiveCfg = Debug|x86
		{F02A20BC-BEDC-4EEE-BDDA-78165E334527}.Debug|x86.Build.0 = Debug|x86
		{F02A20BC-BEDC-4EEE-BDDA-78165E334527}.Debug|x86.Deploy.0 = Debug|x86
		{F02A20BC-BEDC-4EEE-BDDA-78165E334527}.Release|Any CPU.ActiveCfg = Release|x86
		{F02A20BC-BEDC-4EEE-BDDA-78165E334527}.Release|ARM.ActiveCfg = Release|ARM
		{F02A20BC-BEDC-4EEE-BDDA-78165E334527}.Release|ARM.Build.0 = Release|ARM
		{F02A20BC-BEDC-4EEE-BDDA-78165E334527}.Release|ARM.Deploy.0 = Release|ARM
		{F02A20BC-BEDC-4EEE-BDDA-78165E334527}.Release|x64.ActiveCfg = Release|x64
		{F02A20BC-BEDC-4EEE-BDDA-78165E334527}.Release|x64.Build.0 = Release|x64
		{F02A20BC-BEDC-4EEE-BDDA-78165E334527}.Release|x64.Deploy.0 = Release|x64
		{F02A20BC-BEDC-4EEE-BDDA-78165E334527}.Release|x86.ActiveCfg = Release|x86
		{F02A20BC-BEDC-4EEE-BDDA-78165E334527}.Release|x86.Build.0 = Release|x86
		{F02A20BC-BEDC-4EEE-BDDA-78165E334527}.Release|x86.Deploy.0 = Release|x86
		{6F620745-A2E7-4FB1-99DA-770555CF305F}.Debug|Any CPU.ActiveCfg = Debug|x86
		{6F620745-A2E7-4FB1-99DA-770555CF305F}.Debug|ARM.ActiveCfg = Debug|ARM
		{6F620745-A2E7-4FB1-99DA-770555CF305F}.Debug|ARM.Build.0 = Debug|ARM
		{6F620745-A2E7-4FB1-99DA-770555CF305F}.Debug|ARM.Deploy.0 = Debug|ARM
		{6F620745-A2E7-4FB1-99DA-770555CF305F}.Debug|x64.ActiveCfg = Debug|x64
		{6F620745-A2E7-4FB1-99DA-770555CF305F}.Debug|x64.Build.0 = Debug|x64
		{6F620745-A2E7-4FB1-99DA-770555CF305F}.Debug|x64.Deploy.0 = Debug|x64
		{6F620745-A2E7-4FB1-99DA-770555CF305F}.Debug|x86.ActiveCfg = Debug|x86
		{6F620745-A2E7-4FB1-99DA-770555CF305F}.Debug|x86.Build.0 = Debug|x86
		{6F620745-A2E7-4FB1-99DA-770555CF305F}.Debug|x86.Deploy.0 = Debug|x86
		{6F620745-A2E7-4FB1-99DA-770555CF305F}.Release|Any CPU.ActiveCfg = Release|x86
		{6F620745-A2E7-4FB1-99DA-770555CF305F}.Release|ARM.ActiveCfg = Release|ARM
		{6F620745-A2E7-4FB1-99DA-770555CF305F}.Release|ARM.Build.0 = Release|ARM
		{6F620745-A2E7-4FB1-99DA-770555CF305F}.Release|ARM.Deploy.0 = Release|ARM
		{6F620745-A2E7-4FB1-99DA-770555CF305F}.Release|x64.ActiveCfg = Release|x64
		{6F620745-A2E7-4FB1-99DA-770555CF305F}.Release|x64.Build.0 = Release|x64
		{6F620745-A2E7-4FB1-99DA-770555CF305F}.Release|x64.Deploy.0 = Release|x64
		{6F620745-A2E7-4FB1-99DA-770555CF305F}.Release|x86.ActiveCfg = Release|x86
		{6F620745-A2E7-4FB1-99DA-770555CF305F}.Release|x86.Build.0 = Release|x86
		{6F620745-A2E7-4FB1-99DA-770555CF305F}.Release|x86.Deploy.0 = Release|x86
		{1E453CCD-97D7-48E4-9008-6A98E051CDAF}.Debug|Any CPU.ActiveCfg = Debug|x86
		{1E453CCD-97D7-48E4-9008-6A98E051CDAF}.Debug|ARM.ActiveCfg = Debug|ARM
		{1E453CCD-97D7-48E4-9008-6A98E051CDAF}.Debug|ARM.Build.0 = Debug|ARM
		{1E453CCD-97D7-48E4-9008-6A98E051CDAF}.Debug|ARM.Deploy.0 = Debug|ARM
		{1E453CCD-97D7-48E4-9008-6A98E051CDAF}.Debug|x64.ActiveCfg = Debug|x64
		{1E453CCD-97D7-48E4-9008-6A98E051CDAF}.Debug|x64.Build.0 = Debug|x64
		{1E453CCD-97D7-48E4-9008-6A98E051CDAF}.Debug|x64.Deploy.0 = Debug|x64
		{1E453CCD-97D7-48E4-9008-6A98E051CDAF}.Debug|x86.ActiveCfg = Debug|x86
		{1E453CCD-97D7-48E4-9008-6A98E051CDAF}.Debug|x86.Build.0 = Debug|x86
		{1E453CCD-97D7-48E4-9008-6A98E051CDAF}.Debug|x86.Deploy.0 = Debug|x86
		{1E453CCD-97D7-48E4-9008-6A98E051CDAF}.Release|Any CPU.ActiveCfg = Release|x86
		{1E453CCD-97D7-48E4-9008-6A98E051CDAF}.Release|ARM.ActiveCfg = Release|ARM
		{1E453CCD-97D7-48E4-9008-6A98E051CDAF}.Release|ARM.Build.0 = Release|ARM
		{1E453CCD-97D7-48E4-9008-6A98E051CDAF}.Release|ARM.Deploy.0 = Release|ARM
		{1E453CCD-97D7-48E4-9008-6A98E051CDAF}.Release|x64.ActiveCfg = Release|x64
		{1E453CCD-97D7-48E4-9008-6A98E051CDAF}.Release|x64.Build.0 = Release|x64
		{1E453CCD-97D7-48E4-9008-6A98E051CDAF}.Release|x64.Deploy.0 = Release|x64
		{1E453CCD-97D7-48E4-9008-6A98E051CDAF}.Release|x86.ActiveCfg = Release|x86
		{1E453CCD-97D7-48E4-9008-6A98E051CDAF}.Release|x86.Build.0 = Release|x86
		{1E453CCD-97D7-48E4-9008-6A98E051CDAF}.Release|x86.Deploy.0 = Release|x86
		{1CEF9C21-5C01-44D2-9E89-21F4EBCCEB2A}.Debug|Any CPU.ActiveCfg = Debug|x86
		{1CEF9C21-5C01-44D2-9E89-21F4EBCCEB2A}.Debug|ARM.ActiveCfg = Debug|ARM
		{1CEF9C21-5C01-44D2-9E89-21F4EBCCEB2A}.Debug|ARM.Build.0 = Debug|ARM
		{1CEF9C21-5C01-44D2-9E89-21F4EBCCEB2A}.Debug|ARM.Deploy.0 = Debug|ARM
		{1CEF9C21-5C01-44D2-9E89-21F4EBCCEB2A}.Debug|x64.ActiveCfg = Debug|x64
		{1CEF9C21-5C01-44D2-9E89-21F4EBCCEB2A}.Debug|x64.Build.0 = Debug|x64
		{1CEF9C21-5C01-44D2-9E89-21F4EBCCEB2A}.Debug|x64.Deploy.0 = Debug|x64
		{1CEF9C21-5C01-44D2-9E89-21F4EBCCEB2A}.Debug|x86.ActiveCfg = Debug|x86
		{1CEF9C21-5C01-44D2-9E89-21F4EBCCEB2A}.Debug|x86.Build.0 = Debug|x86
		{1CEF9C21-5C01-44D2-9E89-21F4EBCCEB2A}.Debug|x86.Deploy.0 = Debug|x86
		{1CEF9C21-5C01-44D2-9E89-21F4EBCCEB2A}.Release|Any CPU.ActiveCfg = Release|x86
		{1CEF9C21-5C01-44D2-9E89-21F4EBCCEB2A}.Release|ARM.ActiveCfg = Release|ARM
		{1CEF9C21-5C01-44D2-9E89-21F4EBCCEB2A}.Release|ARM.Build.0 = Release|ARM
		{1CEF9C21-5C01-44D2-9E89-21F4EBCCEB2A}.Release|ARM.Deploy.0 = Release|ARM
		{1CEF9C21-5C01-44D2-9E89-21F4EBCCEB2A}.Release|x64.ActiveCfg = Release|x64
		{1CEF9C21-5C01-44D2-9E89-21F4EBCCEB2A}.Release|x64.Build.0 = Release|x64
		{1CEF9C21-5C01-44D2-9E89-21F4EBCCEB2A}.Release|x64.Deploy.0 = Release|x64
		{1CEF9C21-5C01-44D2-9E89-21F4EBCCEB2A}.Release|x86.ActiveCfg = Release|x86
		{1CEF9C21-5C01-44D2-9E89-21F4EBCCEB2A}.Release|x86.Build.0 = Release|x86
		{1CEF9C21-5C01-44D2-9E89-21F4EBCCEB2A}.Release|x86.Deploy.0 = Release|x86
		{EBBED0E7-36C0-4074-9250-5E0BB0BB245B}.Debug|Any CPU.ActiveCfg = Debug|x86
		{EBBED0E7-36C0-4074-9250-5E0BB0BB245B}.Debug|ARM.ActiveCfg = Debug|ARM
		{EBBED0E7-36C0-4074-9250-5E0BB0BB245B}.Debug|ARM.Build.0 = Debug|ARM
		{EBBED0E7-36C0-4074-9250-5E0BB0BB245B}.Debug|ARM.Deploy.0 = Debug|ARM
		{EBBED0E7-36C0-4074-9250-5E0BB0BB245B}.Debug|x64.ActiveCfg = Debug|x64
		{EBBED0E7-36C0-4074-9250-5E0BB0BB245B}.Debug|x64.Build.0 = Debug|x64
		{EBBED0E7-36C0-4074-9250-5E0BB0BB245B}.Debug|x64.Deploy.0 = Debug|x64
		{EBBED0E7-36C0-4074-9250-5E0BB0BB245B}.Debug|x86.ActiveCfg = Debug|x86
		{EBBED0E7-36C0-4074-9250-5E0BB0BB245B}.Debug|x86.Build.0 = Debug|x86
		{EBBED0E7-36C0-4074-9250-5E0BB0BB245B}.Debug|x86.Deploy.0 = Debug|x86
		{EBBED0E7-36C0-4074-9250-5E0BB0BB245B}.Release|Any CPU.ActiveCfg = Release|x86
		{EBBED0E7-36C0-4074-9250-5E0BB0BB245B}.Release|ARM.ActiveCfg = Release|ARM
		{EBBED0E7-36C0-4074-9250-5E0BB0BB245B}.Release|ARM.Build.0 = Release|ARM
		{EBBED0E7-36C0-4074-9250-5E0BB0BB245B}.Release|ARM.Deploy.0 = Release|ARM
		{EBBED0E7-36C0-4074-9250-5E0BB0BB245B}.Release|x64.ActiveCfg = Release|x64
		{EBBED0E7-36C0-4074-9250-5E0BB0BB245B}.Release|x64.Build.0 = Release|x64
		{EBBED0E7-36C0-4074-9250-5E0BB0BB245B}.Release|x64.Deploy.0 = Release|x64
		{EBBED0E7-36C0-4074-9250-5E0BB0BB245B}.Release|x86.ActiveCfg = Release|x86
		{EBBED0E7-36C0-4074-9250-5E0BB0BB245B}.Release|x86.Build.0 = Release|x86
		{EBBED0E7-36C0-4074-9250-5E0BB0BB245B}.Release|x86.Deploy.0 = Release|x86
	EndGlobalSection
	GlobalSection(SolutionProperties) = preSolution
		HideSolutionNode = FALSE
	EndGlobalSection
	GlobalSection(NestedProjects) = preSolution
		{09CB22DB-519B-4FD1-AB12-712878B10F14} = {89E2B382-DBF8-48A4-AF6C-15773410363C}
		{3A36F458-7434-4AC5-850E-E3525B56B65A} = {89E2B382-DBF8-48A4-AF6C-15773410363C}
		{81A962B3-17E7-4016-AB9C-69F90360E4CF} = {89E2B382-DBF8-48A4-AF6C-15773410363C}
		{F02A20BC-BEDC-4EEE-BDDA-78165E334527} = {89E2B382-DBF8-48A4-AF6C-15773410363C}
		{6F620745-A2E7-4FB1-99DA-770555CF305F} = {89E2B382-DBF8-48A4-AF6C-15773410363C}
		{1E453CCD-97D7-48E4-9008-6A98E051CDAF} = {89E2B382-DBF8-48A4-AF6C-15773410363C}
		{1CEF9C21-5C01-44D2-9E89-21F4EBCCEB2A} = {89E2B382-DBF8-48A4-AF6C-15773410363C}
		{EBBED0E7-36C0-4074-9250-5E0BB0BB245B} = {89E2B382-DBF8-48A4-AF6C-15773410363C}
	EndGlobalSection
EndGlobal
